// !$*UTF8*$!
{
	archiveVersion = 1;
	classes = {
	};
	objectVersion = 46;
	objects = {

/* Begin PBXBuildFile section */
		63E28AD11B99C32400FBF6E0 /* AppDelegate.swift in Sources */ = {isa = PBXBuildFile; fileRef = 63E28AD01B99C32400FBF6E0 /* AppDelegate.swift */; };
		63E28AF11B99C35700FBF6E0 /* WeatherDataModel.swift in Sources */ = {isa = PBXBuildFile; fileRef = 63E28AF01B99C35700FBF6E0 /* WeatherDataModel.swift */; };
		63E28AF61B99C36100FBF6E0 /* ChangeCityViewController.swift in Sources */ = {isa = PBXBuildFile; fileRef = 63E28AF21B99C36100FBF6E0 /* ChangeCityViewController.swift */; };
		63E28AF71B99C36100FBF6E0 /* Images.xcassets in Resources */ = {isa = PBXBuildFile; fileRef = 63E28AF31B99C36100FBF6E0 /* Images.xcassets */; };
		63E28AF81B99C36100FBF6E0 /* Main.storyboard in Resources */ = {isa = PBXBuildFile; fileRef = 63E28AF41B99C36100FBF6E0 /* Main.storyboard */; };
		63E28AF91B99C36100FBF6E0 /* WeatherViewController.swift in Sources */ = {isa = PBXBuildFile; fileRef = 63E28AF51B99C36100FBF6E0 /* WeatherViewController.swift */; };
		63E28AFF1B99C3B300FBF6E0 /* LaunchScreen.xib in Resources */ = {isa = PBXBuildFile; fileRef = 63E28AFE1B99C3B300FBF6E0 /* LaunchScreen.xib */; };
/* End PBXBuildFile section */

/* Begin PBXFileReference section */
		63E28ACB1B99C32400FBF6E0 /* Clima.app */ = {isa = PBXFileReference; explicitFileType = wrapper.application; includeInIndex = 0; path = Clima.app; sourceTree = BUILT_PRODUCTS_DIR; };
		63E28ACF1B99C32400FBF6E0 /* Info.plist */ = {isa = PBXFileReference; lastKnownFileType = text.plist.xml; path = Info.plist; sourceTree = "<group>"; };
		63E28AD01B99C32400FBF6E0 /* AppDelegate.swift */ = {isa = PBXFileReference; lastKnownFileType = sourcecode.swift; path = AppDelegate.swift; sourceTree = "<group>"; };
		63E28AF01B99C35700FBF6E0 /* WeatherDataModel.swift */ = {isa = PBXFileReference; fileEncoding = 4; lastKnownFileType = sourcecode.swift; path = WeatherDataModel.swift; sourceTree = "<group>"; };
		63E28AF21B99C36100FBF6E0 /* ChangeCityViewController.swift */ = {isa = PBXFileReference; fileEncoding = 4; lastKnownFileType = sourcecode.swift; path = ChangeCityViewController.swift; sourceTree = "<group>"; };
		63E28AF31B99C36100FBF6E0 /* Images.xcassets */ = {isa = PBXFileReference; lastKnownFileType = folder.assetcatalog; path = Images.xcassets; sourceTree = "<group>"; };
		63E28AF41B99C36100FBF6E0 /* Main.storyboard */ = {isa = PBXFileReference; fileEncoding = 4; lastKnownFileType = file.storyboard; path = Main.storyboard; sourceTree = "<group>"; };
		63E28AF51B99C36100FBF6E0 /* WeatherViewController.swift */ = {isa = PBXFileReference; fileEncoding = 4; lastKnownFileType = sourcecode.swift; path = WeatherViewController.swift; sourceTree = "<group>"; };
		63E28AFE1B99C3B300FBF6E0 /* LaunchScreen.xib */ = {isa = PBXFileReference; fileEncoding = 4; lastKnownFileType = file.xib; path = LaunchScreen.xib; sourceTree = "<group>"; };
/* End PBXFileReference section */

/* Begin PBXFrameworksBuildPhase section */
		63E28AC81B99C32400FBF6E0 /* Frameworks */ = {
			isa = PBXFrameworksBuildPhase;
			buildActionMask = 2147483647;
			files = (
			);
			runOnlyForDeploymentPostprocessing = 0;
		};
/* End PBXFrameworksBuildPhase section */

/* Begin PBXGroup section */
		63E28AC21B99C32400FBF6E0 = {
			isa = PBXGroup;
			children = (
				63E28ACD1B99C32400FBF6E0 /* Clima */,
				63E28ACC1B99C32400FBF6E0 /* Products */,
			);
			sourceTree = "<group>";
		};
		63E28ACC1B99C32400FBF6E0 /* Products */ = {
			isa = PBXGroup;
			children = (
				63E28ACB1B99C32400FBF6E0 /* Clima.app */,
			);
			name = Products;
			sourceTree = "<group>";
		};
		63E28ACD1B99C32400FBF6E0 /* Clima */ = {
			isa = PBXGroup;
			children = (
				63E28AFD1B99C38100FBF6E0 /* View */,
				63E28AFA1B99C36D00FBF6E0 /* Model */,
				63E28AFB1B99C37500FBF6E0 /* Controller */,
				63E28AF31B99C36100FBF6E0 /* Images.xcassets */,
				63E28AFE1B99C3B300FBF6E0 /* LaunchScreen.xib */,
				63E28ACE1B99C32400FBF6E0 /* Supporting Files */,
			);
			path = Clima;
			sourceTree = "<group>";
		};
		63E28ACE1B99C32400FBF6E0 /* Supporting Files */ = {
			isa = PBXGroup;
			children = (
				63E28ACF1B99C32400FBF6E0 /* Info.plist */,
			);
			name = "Supporting Files";
			sourceTree = "<group>";
		};
		63E28AFA1B99C36D00FBF6E0 /* Model */ = {
			isa = PBXGroup;
			children = (
				63E28AF01B99C35700FBF6E0 /* WeatherDataModel.swift */,
			);
			name = Model;
			sourceTree = "<group>";
		};
		63E28AFB1B99C37500FBF6E0 /* Controller */ = {
			isa = PBXGroup;
			children = (
				63E28AF21B99C36100FBF6E0 /* ChangeCityViewController.swift */,
				63E28AF51B99C36100FBF6E0 /* WeatherViewController.swift */,
				63E28AD01B99C32400FBF6E0 /* AppDelegate.swift */,
			);
			name = Controller;
			sourceTree = "<group>";
		};
		63E28AFD1B99C38100FBF6E0 /* View */ = {
			isa = PBXGroup;
			children = (
				63E28AF41B99C36100FBF6E0 /* Main.storyboard */,
			);
			name = View;
			sourceTree = "<group>";
		};
/* End PBXGroup section */

/* Begin PBXNativeTarget section */
		63E28ACA1B99C32400FBF6E0 /* Clima */ = {
			isa = PBXNativeTarget;
			buildConfigurationList = 63E28AEA1B99C32400FBF6E0 /* Build configuration list for PBXNativeTarget "Clima" */;
			buildPhases = (
				63E28AC71B99C32400FBF6E0 /* Sources */,
				63E28AC81B99C32400FBF6E0 /* Frameworks */,
				63E28AC91B99C32400FBF6E0 /* Resources */,
			);
			buildRules = (
			);
			dependencies = (
			);
			name = Clima;
			productName = Clima;
			productReference = 63E28ACB1B99C32400FBF6E0 /* Clima.app */;
			productType = "com.apple.product-type.application";
		};
/* End PBXNativeTarget section */

/* Begin PBXProject section */
		63E28AC31B99C32400FBF6E0 /* Project object */ = {
			isa = PBXProject;
			attributes = {
				LastSwiftUpdateCheck = 0700;
				LastUpgradeCheck = 0900;
				ORGANIZATIONNAME = "London App Brewery";
				TargetAttributes = {
					63E28ACA1B99C32400FBF6E0 = {
						CreatedOnToolsVersion = 6.4;
						LastSwiftMigration = 0900;
					};
				};
			};
			buildConfigurationList = 63E28AC61B99C32400FBF6E0 /* Build configuration list for PBXProject "Clima" */;
			compatibilityVersion = "Xcode 3.2";
			developmentRegion = English;
			hasScannedForEncodings = 0;
			knownRegions = (
				en,
				Base,
			);
			mainGroup = 63E28AC21B99C32400FBF6E0;
			productRefGroup = 63E28ACC1B99C32400FBF6E0 /* Products */;
			projectDirPath = "";
			projectRoot = "";
			targets = (
				63E28ACA1B99C32400FBF6E0 /* Clima */,
			);
		};
/* End PBXProject section */

/* Begin PBXResourcesBuildPhase section */
		63E28AC91B99C32400FBF6E0 /* Resources */ = {
			isa = PBXResourcesBuildPhase;
			buildActionMask = 2147483647;
			files = (
				63E28AF71B99C36100FBF6E0 /* Images.xcassets in Resources */,
				63E28AFF1B99C3B300FBF6E0 /* LaunchScreen.xib in Resources */,
				63E28AF81B99C36100FBF6E0 /* Main.storyboard in Resources */,
			);
			runOnlyForDeploymentPostprocessing = 0;
		};
/* End PBXResourcesBuildPhase section */

/* Begin PBXSourcesBuildPhase section */
		63E28AC71B99C32400FBF6E0 /* Sources */ = {
			isa = PBXSourcesBuildPhase;
			buildActionMask = 2147483647;
			files = (
				63E28AF11B99C35700FBF6E0 /* WeatherDataModel.swift in Sources */,
				63E28AF91B99C36100FBF6E0 /* WeatherViewController.swift in Sources */,
				63E28AD11B99C32400FBF6E0 /* AppDelegate.swift in Sources */,
				63E28AF61B99C36100FBF6E0 /* ChangeCityViewController.swift in Sources */,
			);
			runOnlyForDeploymentPostprocessing = 0;
		};
/* End PBXSourcesBuildPhase section */

/* Begin XCBuildConfiguration section */
		63E28AE81B99C32400FBF6E0 /* Debug */ = {
			isa = XCBuildConfiguration;
			buildSettings = {
				ALWAYS_SEARCH_USER_PATHS = NO;
				CLANG_CXX_LANGUAGE_STANDARD = "gnu++0x";
				CLANG_CXX_LIBRARY = "libc++";
				CLANG_ENABLE_MODULES = YES;
				CLANG_ENABLE_OBJC_ARC = YES;
				CLANG_WARN_BLOCK_CAPTURE_AUTORELEASING = YES;
				CLANG_WARN_BOOL_CONVERSION = YES;
				CLANG_WARN_COMMA = YES;
				CLANG_WARN_CONSTANT_CONVERSION = YES;
				CLANG_WARN_DIRECT_OBJC_ISA_USAGE = YES_ERROR;
				CLANG_WARN_EMPTY_BODY = YES;
				CLANG_WARN_ENUM_CONVERSION = YES;
				CLANG_WARN_INFINITE_RECURSION = YES;
				CLANG_WARN_INT_CONVERSION = YES;
				CLANG_WARN_NON_LITERAL_NULL_CONVERSION = YES;
				CLANG_WARN_OBJC_LITERAL_CONVERSION = YES;
				CLANG_WARN_OBJC_ROOT_CLASS = YES_ERROR;
				CLANG_WARN_RANGE_LOOP_ANALYSIS = YES;
				CLANG_WARN_STRICT_PROTOTYPES = YES;
				CLANG_WARN_SUSPICIOUS_MOVE = YES;
				CLANG_WARN_UNREACHABLE_CODE = YES;
				CLANG_WARN__DUPLICATE_METHOD_MATCH = YES;
				"CODE_SIGN_IDENTITY[sdk=iphoneos*]" = "iPhone Developer";
				COPY_PHASE_STRIP = NO;
				DEBUG_INFORMATION_FORMAT = "dwarf-with-dsym";
				ENABLE_STRICT_OBJC_MSGSEND = YES;
				ENABLE_TESTABILITY = YES;
				GCC_C_LANGUAGE_STANDARD = gnu99;
				GCC_DYNAMIC_NO_PIC = NO;
				GCC_NO_COMMON_BLOCKS = YES;
				GCC_OPTIMIZATION_LEVEL = 0;
				GCC_PREPROCESSOR_DEFINITIONS = (
					"DEBUG=1",
					"$(inherited)",
				);
				GCC_SYMBOLS_PRIVATE_EXTERN = NO;
				GCC_WARN_64_TO_32_BIT_CONVERSION = YES;
				GCC_WARN_ABOUT_RETURN_TYPE = YES_ERROR;
				GCC_WARN_UNDECLARED_SELECTOR = YES;
				GCC_WARN_UNINITIALIZED_AUTOS = YES_AGGRESSIVE;
				GCC_WARN_UNUSED_FUNCTION = YES;
				GCC_WARN_UNUSED_VARIABLE = YES;
				IPHONEOS_DEPLOYMENT_TARGET = 10.0;
				MTL_ENABLE_DEBUG_INFO = YES;
				ONLY_ACTIVE_ARCH = YES;
				SDKROOT = iphoneos;
				SWIFT_OPTIMIZATION_LEVEL = "-Onone";
			};
			name = Debug;
		};
		63E28AE91B99C32400FBF6E0 /* Release */ = {
			isa = XCBuildConfiguration;
			buildSettings = {
				ALWAYS_SEARCH_USER_PATHS = NO;
				CLANG_CXX_LANGUAGE_STANDARD = "gnu++0x";
				CLANG_CXX_LIBRARY = "libc++";
				CLANG_ENABLE_MODULES = YES;
				CLANG_ENABLE_OBJC_ARC = YES;
				CLANG_WARN_BLOCK_CAPTURE_AUTORELEASING = YES;
				CLANG_WARN_BOOL_CONVERSION = YES;
				CLANG_WARN_COMMA = YES;
				CLANG_WARN_CONSTANT_CONVERSION = YES;
				CLANG_WARN_DIRECT_OBJC_ISA_USAGE = YES_ERROR;
				CLANG_WARN_EMPTY_BODY = YES;
				CLANG_WARN_ENUM_CONVERSION = YES;
				CLANG_WARN_INFINITE_RECURSION = YES;
				CLANG_WARN_INT_CONVERSION = YES;
				CLANG_WARN_NON_LITERAL_NULL_CONVERSION = YES;
				CLANG_WARN_OBJC_LITERAL_CONVERSION = YES;
				CLANG_WARN_OBJC_ROOT_CLASS = YES_ERROR;
				CLANG_WARN_RANGE_LOOP_ANALYSIS = YES;
				CLANG_WARN_STRICT_PROTOTYPES = YES;
				CLANG_WARN_SUSPICIOUS_MOVE = YES;
				CLANG_WARN_UNREACHABLE_CODE = YES;
				CLANG_WARN__DUPLICATE_METHOD_MATCH = YES;
				"CODE_SIGN_IDENTITY[sdk=iphoneos*]" = "iPhone Developer";
				COPY_PHASE_STRIP = NO;
				DEBUG_INFORMATION_FORMAT = "dwarf-with-dsym";
				ENABLE_NS_ASSERTIONS = NO;
				ENABLE_STRICT_OBJC_MSGSEND = YES;
				GCC_C_LANGUAGE_STANDARD = gnu99;
				GCC_NO_COMMON_BLOCKS = YES;
				GCC_WARN_64_TO_32_BIT_CONVERSION = YES;
				GCC_WARN_ABOUT_RETURN_TYPE = YES_ERROR;
				GCC_WARN_UNDECLARED_SELECTOR = YES;
				GCC_WARN_UNINITIALIZED_AUTOS = YES_AGGRESSIVE;
				GCC_WARN_UNUSED_FUNCTION = YES;
				GCC_WARN_UNUSED_VARIABLE = YES;
				IPHONEOS_DEPLOYMENT_TARGET = 10.0;
				MTL_ENABLE_DEBUG_INFO = NO;
				SDKROOT = iphoneos;
				SWIFT_OPTIMIZATION_LEVEL = "-Owholemodule";
				VALIDATE_PRODUCT = YES;
			};
			name = Release;
		};
		63E28AEB1B99C32400FBF6E0 /* Debug */ = {
			isa = XCBuildConfiguration;
			buildSettings = {
				ASSETCATALOG_COMPILER_APPICON_NAME = AppIcon;
				INFOPLIST_FILE = Clima/Info.plist;
				IPHONEOS_DEPLOYMENT_TARGET = 10.0;
				LD_RUNPATH_SEARCH_PATHS = "$(inherited) @executable_path/Frameworks";
				PRODUCT_BUNDLE_IDENTIFIER = com.YourName.Clima;
				PRODUCT_NAME = "$(TARGET_NAME)";
				SWIFT_SWIFT3_OBJC_INFERENCE = Off;
				SWIFT_VERSION = 4.0;
			};
			name = Debug;
		};
		63E28AEC1B99C32400FBF6E0 /* Release */ = {
			isa = XCBuildConfiguration;
			buildSettings = {
				ASSETCATALOG_COMPILER_APPICON_NAME = AppIcon;
				INFOPLIST_FILE = Clima/Info.plist;
				IPHONEOS_DEPLOYMENT_TARGET = 10.0;
				LD_RUNPATH_SEARCH_PATHS = "$(inherited) @executable_path/Frameworks";
				PRODUCT_BUNDLE_IDENTIFIER = com.YourName.Clima;
				PRODUCT_NAME = "$(TARGET_NAME)";
				SWIFT_SWIFT3_OBJC_INFERENCE = Off;
				SWIFT_VERSION = 4.0;
			};
			name = Release;
		};
/* End XCBuildConfiguration section */

/* Begin XCConfigurationList section */
		63E28AC61B99C32400FBF6E0 /* Build configuration list for PBXProject "Clima" */ = {
			isa = XCConfigurationList;
			buildConfigurations = (
				63E28AE81B99C32400FBF6E0 /* Debug */,
				63E28AE91B99C32400FBF6E0 /* Release */,
			);
			defaultConfigurationIsVisible = 0;
			defaultConfigurationName = Release;
		};
		63E28AEA1B99C32400FBF6E0 /* Build configuration list for PBXNativeTarget "Clima" */ = {
			isa = XCConfigurationList;
			buildConfigurations = (
				63E28AEB1B99C32400FBF6E0 /* Debug */,
				63E28AEC1B99C32400FBF6E0 /* Release */,
			);
			defaultConfigurationIsVisible = 0;
			defaultConfigurationName = Release;
		};
/* End XCConfigurationList section */
	};
	rootObject = 63E28AC31B99C32400FBF6E0 /* Project object */;
}
